
Microsoft Visual Studio Solution File, Format Version 12.00
# Visual Studio Version 16
VisualStudioVersion = 16.0.32630.194
MinimumVisualStudioVersion = 10.0.40219.1
Project("{FAE04EC0-301F-11D3-BF4B-00C04F79EFBC}") = "DVRFaultNET", "DVRFaultNET\DVRFaultNET.csproj", "{BB263D63-6A81-464D-9151-F191E8525F21}"
EndProject
Global
	GlobalSection(SolutionConfigurationPlatforms) = preSolution
		Debug|Any CPU = Debug|Any CPU
		Release|Any CPU = Release|Any CPU
	EndGlobalSection
	GlobalSection(ProjectConfigurationPlatforms) = postSolution
		{BB263D63-6A81-464D-9151-F191E8525F21}.Debug|Any CPU.ActiveCfg = Debug|Any CPU
		{BB263D63-6A81-464D-9151-F191E8525F21}.Debug|Any CPU.Build.0 = Debug|Any CPU
		{BB263D63-6A81-464D-9151-F191E8525F21}.Release|Any CPU.ActiveCfg = Release|Any CPU
		{BB263D63-6A81-464D-9151-F191E8525F21}.Release|Any CPU.Build.0 = Release|Any CPU
	EndGlobalSection
	GlobalSection(SolutionProperties) = preSolution
		HideSolutionNode = FALSE
	EndGlobalSection
	GlobalSection(ExtensibilityGlobals) = postSolution
		SolutionGuid = {05474256-D804-4687-AB5F-B3BABCBBDEAE}
	EndGlobalSection
EndGlobal
